
Microsoft Visual Studio Solution File, Format Version 12.00
# Visual Studio 15
VisualStudioVersion = 15.0.27703.2047
MinimumVisualStudioVersion = 10.0.40219.1
Project("{FAE04EC0-301F-11D3-BF4B-00C04F79EFBC}") = "CNTKNN", "CNTKNN\CNTKNN.csproj", "{641F5D53-A974-4C89-9D6D-DBF4989DA2B4}"
EndProject
Global
	GlobalSection(SolutionConfigurationPlatforms) = preSolution
		Debug|Any CPU = Debug|Any CPU
		Release|Any CPU = Release|Any CPU
	EndGlobalSection
	GlobalSection(ProjectConfigurationPlatforms) = postSolution
		{641F5D53-A974-4C89-9D6D-DBF4989DA2B4}.Debug|Any CPU.ActiveCfg = Debug|Any CPU
		{641F5D53-A974-4C89-9D6D-DBF4989DA2B4}.Debug|Any CPU.Build.0 = Debug|Any CPU
		{641F5D53-A974-4C89-9D6D-DBF4989DA2B4}.Release|Any CPU.ActiveCfg = Release|Any CPU
		{641F5D53-A974-4C89-9D6D-DBF4989DA2B4}.Release|Any CPU.Build.0 = Release|Any CPU
	EndGlobalSection
	GlobalSection(SolutionProperties) = preSolution
		HideSolutionNode = FALSE
	EndGlobalSection
	GlobalSection(ExtensibilityGlobals) = postSolution
		SolutionGuid = {50B71180-7DC1-4809-8A1E-95CA998CC607}
	EndGlobalSection
EndGlobal
